
Microsoft Visual Studio Solution File, Format Version 12.00
# Visual Studio Version 16
VisualStudioVersion = 16.0.30309.148
MinimumVisualStudioVersion = 10.0.40219.1
Project("{FAE04EC0-301F-11D3-BF4B-00C04F79EFBC}") = "EditList", "M1Vm2\EditList.csproj", "{C9F7FDFC-AE2A-456C-B8C8-BBA2B9AC3D6C}"
EndProject
Global
	GlobalSection(SolutionConfigurationPlatforms) = preSolution
		Debug|Any CPU = Debug|Any CPU
		Release|Any CPU = Release|Any CPU
	EndGlobalSection
	GlobalSection(ProjectConfigurationPlatforms) = postSolution
		{C9F7FDFC-AE2A-456C-B8C8-BBA2B9AC3D6C}.Debug|Any CPU.ActiveCfg = Debug|Any CPU
		{C9F7FDFC-AE2A-456C-B8C8-BBA2B9AC3D6C}.Debug|Any CPU.Build.0 = Debug|Any CPU
		{C9F7FDFC-AE2A-456C-B8C8-BBA2B9AC3D6C}.Release|Any CPU.ActiveCfg = Release|Any CPU
		{C9F7FDFC-AE2A-456C-B8C8-BBA2B9AC3D6C}.Release|Any CPU.Build.0 = Release|Any CPU
	EndGlobalSection
	GlobalSection(SolutionProperties) = preSolution
		HideSolutionNode = FALSE
	EndGlobalSection
	GlobalSection(ExtensibilityGlobals) = postSolution
		SolutionGuid = {6FFFE302-195B-4AE3-A130-5BDCCCB81C9F}
	EndGlobalSection
EndGlobal
